// !$*UTF8*$!
{
	archiveVersion = 1;
	classes = {
	};
	objectVersion = 48;
	objects = {

/* Begin PBXBuildFile section */
		AC38ACA0201F7AC000C2B34D /* AppDelegate.swift in Sources */ = {isa = PBXBuildFile; fileRef = AC38AC9F201F7AC000C2B34D /* AppDelegate.swift */; };
		AC38ACA2201F7AC000C2B34D /* ViewController.swift in Sources */ = {isa = PBXBuildFile; fileRef = AC38ACA1201F7AC000C2B34D /* ViewController.swift */; };
		AC38ACA5201F7AC000C2B34D /* Main.storyboard in Resources */ = {isa = PBXBuildFile; fileRef = AC38ACA3201F7AC000C2B34D /* Main.storyboard */; };
		AC38ACA7201F7AC000C2B34D /* Assets.xcassets in Resources */ = {isa = PBXBuildFile; fileRef = AC38ACA6201F7AC000C2B34D /* Assets.xcassets */; };
		AC38ACAA201F7AC000C2B34D /* LaunchScreen.storyboard in Resources */ = {isa = PBXBuildFile; fileRef = AC38ACA8201F7AC000C2B34D /* LaunchScreen.storyboard */; };
		AC38ACB5201F7AC000C2B34D /* NotesTests.swift in Sources */ = {isa = PBXBuildFile; fileRef = AC38ACB4201F7AC000C2B34D /* NotesTests.swift */; };
/* End PBXBuildFile section */

/* Begin PBXContainerItemProxy section */
		AC38ACB1201F7AC000C2B34D /* PBXContainerItemProxy */ = {
			isa = PBXContainerItemProxy;
			containerPortal = AC38AC94201F7AC000C2B34D /* Project object */;
			proxyType = 1;
			remoteGlobalIDString = AC38AC9B201F7AC000C2B34D;
			remoteInfo = Notes;
		};
/* End PBXContainerItemProxy section */

/* Begin PBXFileReference section */
		AC38AC9C201F7AC000C2B34D /* Notes.app */ = {isa = PBXFileReference; explicitFileType = wrapper.application; includeInIndex = 0; path = Notes.app; sourceTree = BUILT_PRODUCTS_DIR; };
		AC38AC9F201F7AC000C2B34D /* AppDelegate.swift */ = {isa = PBXFileReference; lastKnownFileType = sourcecode.swift; path = AppDelegate.swift; sourceTree = "<group>"; };
		AC38ACA1201F7AC000C2B34D /* ViewController.swift */ = {isa = PBXFileReference; lastKnownFileType = sourcecode.swift; path = ViewController.swift; sourceTree = "<group>"; };
		AC38ACA4201F7AC000C2B34D /* Base */ = {isa = PBXFileReference; lastKnownFileType = file.storyboard; name = Base; path = Base.lproj/Main.storyboard; sourceTree = "<group>"; };
		AC38ACA6201F7AC000C2B34D /* Assets.xcassets */ = {isa = PBXFileReference; lastKnownFileType = folder.assetcatalog; path = Assets.xcassets; sourceTree = "<group>"; };
		AC38ACA9201F7AC000C2B34D /* Base */ = {isa = PBXFileReference; lastKnownFileType = file.storyboard; name = Base; path = Base.lproj/LaunchScreen.storyboard; sourceTree = "<group>"; };
		AC38ACAB201F7AC000C2B34D /* Info.plist */ = {isa = PBXFileReference; lastKnownFileType = text.plist.xml; path = Info.plist; sourceTree = "<group>"; };
		AC38ACB0201F7AC000C2B34D /* NotesTests.xctest */ = {isa = PBXFileReference; explicitFileType = wrapper.cfbundle; includeInIndex = 0; path = NotesTests.xctest; sourceTree = BUILT_PRODUCTS_DIR; };
		AC38ACB4201F7AC000C2B34D /* NotesTests.swift */ = {isa = PBXFileReference; lastKnownFileType = sourcecode.swift; path = NotesTests.swift; sourceTree = "<group>"; };
		AC38ACB6201F7AC000C2B34D /* Info.plist */ = {isa = PBXFileReference; lastKnownFileType = text.plist.xml; path = Info.plist; sourceTree = "<group>"; };
/* End PBXFileReference section */

/* Begin PBXFrameworksBuildPhase section */
		AC38AC99201F7AC000C2B34D /* Frameworks */ = {
			isa = PBXFrameworksBuildPhase;
			buildActionMask = 2147483647;
			files = (
			);
			runOnlyForDeploymentPostprocessing = 0;
		};
		AC38ACAD201F7AC000C2B34D /* Frameworks */ = {
			isa = PBXFrameworksBuildPhase;
			buildActionMask = 2147483647;
			files = (
			);
			runOnlyForDeploymentPostprocessing = 0;
		};
/* End PBXFrameworksBuildPhase section */

/* Begin PBXGroup section */
		AC38AC93201F7AC000C2B34D = {
			isa = PBXGroup;
			children = (
				AC38AC9E201F7AC000C2B34D /* Notes */,
				AC38ACB3201F7AC000C2B34D /* NotesTests */,
				AC38AC9D201F7AC000C2B34D /* Products */,
			);
			sourceTree = "<group>";
		};
		AC38AC9D201F7AC000C2B34D /* Products */ = {
			isa = PBXGroup;
			children = (
				AC38AC9C201F7AC000C2B34D /* Notes.app */,
				AC38ACB0201F7AC000C2B34D /* NotesTests.xctest */,
			);
			name = Products;
			sourceTree = "<group>";
		};
		AC38AC9E201F7AC000C2B34D /* Notes */ = {
			isa = PBXGroup;
			children = (
				AC38AC9F201F7AC000C2B34D /* AppDelegate.swift */,
				AC38ACA1201F7AC000C2B34D /* ViewController.swift */,
				AC38ACA3201F7AC000C2B34D /* Main.storyboard */,
				AC38ACA6201F7AC000C2B34D /* Assets.xcassets */,
				AC38ACA8201F7AC000C2B34D /* LaunchScreen.storyboard */,
				AC38ACAB201F7AC000C2B34D /* Info.plist */,
			);
			path = Notes;
			sourceTree = "<group>";
		};
		AC38ACB3201F7AC000C2B34D /* NotesTests */ = {
			isa = PBXGroup;
			children = (
				AC38ACB4201F7AC000C2B34D /* NotesTests.swift */,
				AC38ACB6201F7AC000C2B34D /* Info.plist */,
			);
			path = NotesTests;
			sourceTree = "<group>";
		};
/* End PBXGroup section */

/* Begin PBXNativeTarget section */
		AC38AC9B201F7AC000C2B34D /* Notes */ = {
			isa = PBXNativeTarget;
			buildConfigurationList = AC38ACB9201F7AC000C2B34D /* Build configuration list for PBXNativeTarget "Notes" */;
			buildPhases = (
				AC38AC98201F7AC000C2B34D /* Sources */,
				AC38AC99201F7AC000C2B34D /* Frameworks */,
				AC38AC9A201F7AC000C2B34D /* Resources */,
			);
			buildRules = (
			);
			dependencies = (
			);
			name = Notes;
			productName = Notes;
			productReference = AC38AC9C201F7AC000C2B34D /* Notes.app */;
			productType = "com.apple.product-type.application";
		};
		AC38ACAF201F7AC000C2B34D /* NotesTests */ = {
			isa = PBXNativeTarget;
			buildConfigurationList = AC38ACBC201F7AC000C2B34D /* Build configuration list for PBXNativeTarget "NotesTests" */;
			buildPhases = (
				AC38ACAC201F7AC000C2B34D /* Sources */,
				AC38ACAD201F7AC000C2B34D /* Frameworks */,
				AC38ACAE201F7AC000C2B34D /* Resources */,
			);
			buildRules = (
			);
			dependencies = (
				AC38ACB2201F7AC000C2B34D /* PBXTargetDependency */,
			);
			name = NotesTests;
			productName = NotesTests;
			productReference = AC38ACB0201F7AC000C2B34D /* NotesTests.xctest */;
			productType = "com.apple.product-type.bundle.unit-test";
		};
/* End PBXNativeTarget section */

/* Begin PBXProject section */
		AC38AC94201F7AC000C2B34D /* Project object */ = {
			isa = PBXProject;
			attributes = {
				LastSwiftUpdateCheck = 0920;
				LastUpgradeCheck = 0920;
				ORGANIZATIONNAME = "Perry Davies";
				TargetAttributes = {
					AC38AC9B201F7AC000C2B34D = {
						CreatedOnToolsVersion = 9.2;
						ProvisioningStyle = Automatic;
					};
					AC38ACAF201F7AC000C2B34D = {
						CreatedOnToolsVersion = 9.2;
						ProvisioningStyle = Automatic;
						TestTargetID = AC38AC9B201F7AC000C2B34D;
					};
				};
			};
			buildConfigurationList = AC38AC97201F7AC000C2B34D /* Build configuration list for PBXProject "Notes" */;
			compatibilityVersion = "Xcode 8.0";
			developmentRegion = en;
			hasScannedForEncodings = 0;
			knownRegions = (
				en,
				Base,
			);
			mainGroup = AC38AC93201F7AC000C2B34D;
			productRefGroup = AC38AC9D201F7AC000C2B34D /* Products */;
			projectDirPath = "";
			projectRoot = "";
			targets = (
				AC38AC9B201F7AC000C2B34D /* Notes */,
				AC38ACAF201F7AC000C2B34D /* NotesTests */,
			);
		};
/* End PBXProject section */

/* Begin PBXResourcesBuildPhase section */
		AC38AC9A201F7AC000C2B34D /* Resources */ = {
			isa = PBXResourcesBuildPhase;
			buildActionMask = 2147483647;
			files = (
				AC38ACAA201F7AC000C2B34D /* LaunchScreen.storyboard in Resources */,
				AC38ACA7201F7AC000C2B34D /* Assets.xcassets in Resources */,
				AC38ACA5201F7AC000C2B34D /* Main.storyboard in Resources */,
			);
			runOnlyForDeploymentPostprocessing = 0;
		};
		AC38ACAE201F7AC000C2B34D /* Resources */ = {
			isa = PBXResourcesBuildPhase;
			buildActionMask = 2147483647;
			files = (
			);
			runOnlyForDeploymentPostprocessing = 0;
		};
/* End PBXResourcesBuildPhase section */

/* Begin PBXSourcesBuildPhase section */
		AC38AC98201F7AC000C2B34D /* Sources */ = {
			isa = PBXSourcesBuildPhase;
			buildActionMask = 2147483647;
			files = (
				AC38ACA2201F7AC000C2B34D /* ViewController.swift in Sources */,
				AC38ACA0201F7AC000C2B34D /* AppDelegate.swift in Sources */,
			);
			runOnlyForDeploymentPostprocessing = 0;
		};
		AC38ACAC201F7AC000C2B34D /* Sources */ = {
			isa = PBXSourcesBuildPhase;
			buildActionMask = 2147483647;
			files = (
				AC38ACB5201F7AC000C2B34D /* NotesTests.swift in Sources */,
			);
			runOnlyForDeploymentPostprocessing = 0;
		};
/* End PBXSourcesBuildPhase section */

/* Begin PBXTargetDependency section */
		AC38ACB2201F7AC000C2B34D /* PBXTargetDependency */ = {
			isa = PBXTargetDependency;
			target = AC38AC9B201F7AC000C2B34D /* Notes */;
			targetProxy = AC38ACB1201F7AC000C2B34D /* PBXContainerItemProxy */;
		};
/* End PBXTargetDependency section */

/* Begin PBXVariantGroup section */
		AC38ACA3201F7AC000C2B34D /* Main.storyboard */ = {
			isa = PBXVariantGroup;
			children = (
				AC38ACA4201F7AC000C2B34D /* Base */,
			);
			name = Main.storyboard;
			sourceTree = "<group>";
		};
		AC38ACA8201F7AC000C2B34D /* LaunchScreen.storyboard */ = {
			isa = PBXVariantGroup;
			children = (
				AC38ACA9201F7AC000C2B34D /* Base */,
			);
			name = LaunchScreen.storyboard;
			sourceTree = "<group>";
		};
/* End PBXVariantGroup section */

/* Begin XCBuildConfiguration section */
		AC38ACB7201F7AC000C2B34D /* Debug */ = {
			isa = XCBuildConfiguration;
			buildSettings = {
				ALWAYS_SEARCH_USER_PATHS = NO;
				CLANG_ANALYZER_NONNULL = YES;
				CLANG_ANALYZER_NUMBER_OBJECT_CONVERSION = YES_AGGRESSIVE;
				CLANG_CXX_LANGUAGE_STANDARD = "gnu++14";
				CLANG_CXX_LIBRARY = "libc++";
				CLANG_ENABLE_MODULES = YES;
				CLANG_ENABLE_OBJC_ARC = YES;
				CLANG_WARN_BLOCK_CAPTURE_AUTORELEASING = YES;
				CLANG_WARN_BOOL_CONVERSION = YES;
				CLANG_WARN_COMMA = YES;
				CLANG_WARN_CONSTANT_CONVERSION = YES;
				CLANG_WARN_DIRECT_OBJC_ISA_USAGE = YES_ERROR;
				CLANG_WARN_DOCUMENTATION_COMMENTS = YES;
				CLANG_WARN_EMPTY_BODY = YES;
				CLANG_WARN_ENUM_CONVERSION = YES;
				CLANG_WARN_INFINITE_RECURSION = YES;
				CLANG_WARN_INT_CONVERSION = YES;
				CLANG_WARN_NON_LITERAL_NULL_CONVERSION = YES;
				CLANG_WARN_OBJC_LITERAL_CONVERSION = YES;
				CLANG_WARN_OBJC_ROOT_CLASS = YES_ERROR;
				CLANG_WARN_RANGE_LOOP_ANALYSIS = YES;
				CLANG_WARN_STRICT_PROTOTYPES = YES;
				CLANG_WARN_SUSPICIOUS_MOVE = YES;
				CLANG_WARN_UNGUARDED_AVAILABILITY = YES_AGGRESSIVE;
				CLANG_WARN_UNREACHABLE_CODE = YES;
				CLANG_WARN__DUPLICATE_METHOD_MATCH = YES;
				CODE_SIGN_IDENTITY = "iPhone Developer";
				COPY_PHASE_STRIP = NO;
				DEBUG_INFORMATION_FORMAT = dwarf;
				ENABLE_STRICT_OBJC_MSGSEND = YES;
				ENABLE_TESTABILITY = YES;
				GCC_C_LANGUAGE_STANDARD = gnu11;
				GCC_DYNAMIC_NO_PIC = NO;
				GCC_NO_COMMON_BLOCKS = YES;
				GCC_OPTIMIZATION_LEVEL = 0;
				GCC_PREPROCESSOR_DEFINITIONS = (
					"DEBUG=1",
					"$(inherited)",
				);
				GCC_WARN_64_TO_32_BIT_CONVERSION = YES;
				GCC_WARN_ABOUT_RETURN_TYPE = YES_ERROR;
				GCC_WARN_UNDECLARED_SELECTOR = YES;
				GCC_WARN_UNINITIALIZED_AUTOS = YES_AGGRESSIVE;
				GCC_WARN_UNUSED_FUNCTION = YES;
				GCC_WARN_UNUSED_VARIABLE = YES;
				IPHONEOS_DEPLOYMENT_TARGET = 11.2;
				MTL_ENABLE_DEBUG_INFO = YES;
				ONLY_ACTIVE_ARCH = YES;
				SDKROOT = iphoneos;
				SWIFT_ACTIVE_COMPILATION_CONDITIONS = DEBUG;
				SWIFT_OPTIMIZATION_LEVEL = "-Onone";
			};
			name = Debug;
		};
		AC38ACB8201F7AC000C2B34D /* Release */ = {
			isa = XCBuildConfiguration;
			buildSettings = {
				ALWAYS_SEARCH_USER_PATHS = NO;
				CLANG_ANALYZER_NONNULL = YES;
				CLANG_ANALYZER_NUMBER_OBJECT_CONVERSION = YES_AGGRESSIVE;
				CLANG_CXX_LANGUAGE_STANDARD = "gnu++14";
				CLANG_CXX_LIBRARY = "libc++";
				CLANG_ENABLE_MODULES = YES;
				CLANG_ENABLE_OBJC_ARC = YES;
				CLANG_WARN_BLOCK_CAPTURE_AUTORELEASING = YES;
				CLANG_WARN_BOOL_CONVERSION = YES;
				CLANG_WARN_COMMA = YES;
				CLANG_WARN_CONSTANT_CONVERSION = YES;
				CLANG_WARN_DIRECT_OBJC_ISA_USAGE = YES_ERROR;
				CLANG_WARN_DOCUMENTATION_COMMENTS = YES;
				CLANG_WARN_EMPTY_BODY = YES;
				CLANG_WARN_ENUM_CONVERSION = YES;
				CLANG_WARN_INFINITE_RECURSION = YES;
				CLANG_WARN_INT_CONVERSION = YES;
				CLANG_WARN_NON_LITERAL_NULL_CONVERSION = YES;
				CLANG_WARN_OBJC_LITERAL_CONVERSION = YES;
				CLANG_WARN_OBJC_ROOT_CLASS = YES_ERROR;
				CLANG_WARN_RANGE_LOOP_ANALYSIS = YES;
				CLANG_WARN_STRICT_PROTOTYPES = YES;
				CLANG_WARN_SUSPICIOUS_MOVE = YES;
				CLANG_WARN_UNGUARDED_AVAILABILITY = YES_AGGRESSIVE;
				CLANG_WARN_UNREACHABLE_CODE = YES;
				CLANG_WARN__DUPLICATE_METHOD_MATCH = YES;
				CODE_SIGN_IDENTITY = "iPhone Developer";
				COPY_PHASE_STRIP = NO;
				DEBUG_INFORMATION_FORMAT = "dwarf-with-dsym";
				ENABLE_NS_ASSERTIONS = NO;
				ENABLE_STRICT_OBJC_MSGSEND = YES;
				GCC_C_LANGUAGE_STANDARD = gnu11;
				GCC_NO_COMMON_BLOCKS = YES;
				GCC_WARN_64_TO_32_BIT_CONVERSION = YES;
				GCC_WARN_ABOUT_RETURN_TYPE = YES_ERROR;
				GCC_WARN_UNDECLARED_SELECTOR = YES;
				GCC_WARN_UNINITIALIZED_AUTOS = YES_AGGRESSIVE;
				GCC_WARN_UNUSED_FUNCTION = YES;
				GCC_WARN_UNUSED_VARIABLE = YES;
				IPHONEOS_DEPLOYMENT_TARGET = 11.2;
				MTL_ENABLE_DEBUG_INFO = NO;
				SDKROOT = iphoneos;
				SWIFT_OPTIMIZATION_LEVEL = "-Owholemodule";
				VALIDATE_PRODUCT = YES;
			};
			name = Release;
		};
		AC38ACBA201F7AC000C2B34D /* Debug */ = {
			isa = XCBuildConfiguration;
			buildSettings = {
				ASSETCATALOG_COMPILER_APPICON_NAME = AppIcon;
				CODE_SIGN_STYLE = Automatic;
				DEVELOPMENT_TEAM = 3KK877RGRD;
				INFOPLIST_FILE = Notes/Info.plist;
				LD_RUNPATH_SEARCH_PATHS = "$(inherited) @executable_path/Frameworks";
				PRODUCT_BUNDLE_IDENTIFIER = com.perrydavies.RecordAndPlay.Notes;
				PRODUCT_NAME = "$(TARGET_NAME)";
				SWIFT_VERSION = 4.0;
				TARGETED_DEVICE_FAMILY = "1,2";
			};
			name = Debug;
		};
		AC38ACBB201F7AC000C2B34D /* Release */ = {
			isa = XCBuildConfiguration;
			buildSettings = {
				ASSETCATALOG_COMPILER_APPICON_NAME = AppIcon;
				CODE_SIGN_STYLE = Automatic;
				DEVELOPMENT_TEAM = 3KK877RGRD;
				INFOPLIST_FILE = Notes/Info.plist;
				LD_RUNPATH_SEARCH_PATHS = "$(inherited) @executable_path/Frameworks";
				PRODUCT_BUNDLE_IDENTIFIER = com.perrydavies.RecordAndPlay.Notes;
				PRODUCT_NAME = "$(TARGET_NAME)";
				SWIFT_VERSION = 4.0;
				TARGETED_DEVICE_FAMILY = "1,2";
			};
			name = Release;
		};
		AC38ACBD201F7AC000C2B34D /* Debug */ = {
			isa = XCBuildConfiguration;
			buildSettings = {
				ALWAYS_EMBED_SWIFT_STANDARD_LIBRARIES = YES;
				BUNDLE_LOADER = "$(TEST_HOST)";
				CODE_SIGN_STYLE = Automatic;
				DEVELOPMENT_TEAM = 3KK877RGRD;
				INFOPLIST_FILE = NotesTests/Info.plist;
				LD_RUNPATH_SEARCH_PATHS = "$(inherited) @executable_path/Frameworks @loader_path/Frameworks";
				PRODUCT_BUNDLE_IDENTIFIER = com.perrydavies.RecordAndPlay.NotesTests;
				PRODUCT_NAME = "$(TARGET_NAME)";
				SWIFT_VERSION = 4.0;
				TARGETED_DEVICE_FAMILY = "1,2";
				TEST_HOST = "$(BUILT_PRODUCTS_DIR)/Notes.app/Notes";
			};
			name = Debug;
		};
		AC38ACBE201F7AC000C2B34D /* Release */ = {
			isa = XCBuildConfiguration;
			buildSettings = {
				ALWAYS_EMBED_SWIFT_STANDARD_LIBRARIES = YES;
				BUNDLE_LOADER = "$(TEST_HOST)";
				CODE_SIGN_STYLE = Automatic;
				DEVELOPMENT_TEAM = 3KK877RGRD;
				INFOPLIST_FILE = NotesTests/Info.plist;
				LD_RUNPATH_SEARCH_PATHS = "$(inherited) @executable_path/Frameworks @loader_path/Frameworks";
				PRODUCT_BUNDLE_IDENTIFIER = com.perrydavies.RecordAndPlay.NotesTests;
				PRODUCT_NAME = "$(TARGET_NAME)";
				SWIFT_VERSION = 4.0;
				TARGETED_DEVICE_FAMILY = "1,2";
				TEST_HOST = "$(BUILT_PRODUCTS_DIR)/Notes.app/Notes";
			};
			name = Release;
		};
/* End XCBuildConfiguration section */

/* Begin XCConfigurationList section */
		AC38AC97201F7AC000C2B34D /* Build configuration list for PBXProject "Notes" */ = {
			isa = XCConfigurationList;
			buildConfigurations = (
				AC38ACB7201F7AC000C2B34D /* Debug */,
				AC38ACB8201F7AC000C2B34D /* Release */,
			);
			defaultConfigurationIsVisible = 0;
			defaultConfigurationName = Release;
		};
		AC38ACB9201F7AC000C2B34D /* Build configuration list for PBXNativeTarget "Notes" */ = {
			isa = XCConfigurationList;
			buildConfigurations = (
				AC38ACBA201F7AC000C2B34D /* Debug */,
				AC38ACBB201F7AC000C2B34D /* Release */,
			);
			defaultConfigurationIsVisible = 0;
			defaultConfigurationName = Release;
		};
		AC38ACBC201F7AC000C2B34D /* Build configuration list for PBXNativeTarget "NotesTests" */ = {
			isa = XCConfigurationList;
			buildConfigurations = (
				AC38ACBD201F7AC000C2B34D /* Debug */,
				AC38ACBE201F7AC000C2B34D /* Release */,
			);
			defaultConfigurationIsVisible = 0;
			defaultConfigurationName = Release;
		};
/* End XCConfigurationList section */
	};
	rootObject = AC38AC94201F7AC000C2B34D /* Project object */;
}
